
Microsoft Visual Studio Solution File, Format Version 12.00
# Visual Studio Version 16
VisualStudioVersion = 16.0.32602.291
MinimumVisualStudioVersion = 10.0.40219.1
Project("{FAE04EC0-301F-11D3-BF4B-00C04F79EFBC}") = "demandeEmploi", "demandeEmploi.csproj", "{4173FD1C-4275-4EEB-A343-81DC722C14FE}"
EndProject
Global
	GlobalSection(SolutionConfigurationPlatforms) = preSolution
		Debug|Any CPU = Debug|Any CPU
		Release|Any CPU = Release|Any CPU
	EndGlobalSection
	GlobalSection(ProjectConfigurationPlatforms) = postSolution
		{4173FD1C-4275-4EEB-A343-81DC722C14FE}.Debug|Any CPU.ActiveCfg = Debug|Any CPU
		{4173FD1C-4275-4EEB-A343-81DC722C14FE}.Debug|Any CPU.Build.0 = Debug|Any CPU
		{4173FD1C-4275-4EEB-A343-81DC722C14FE}.Release|Any CPU.ActiveCfg = Release|Any CPU
		{4173FD1C-4275-4EEB-A343-81DC722C14FE}.Release|Any CPU.Build.0 = Release|Any CPU
	EndGlobalSection
	GlobalSection(SolutionProperties) = preSolution
		HideSolutionNode = FALSE
	EndGlobalSection
	GlobalSection(ExtensibilityGlobals) = postSolution
		SolutionGuid = {A2605530-EFFD-4801-A642-9CD5D3ECEC5C}
	EndGlobalSection
EndGlobal
